
Microsoft Visual Studio Solution File, Format Version 12.00
# Visual Studio Version 16
VisualStudioVersion = 16.0.29509.3
MinimumVisualStudioVersion = 10.0.40219.1
Project("{2150E333-8FDC-42A3-9474-1A3956D46DE8}") = "Microservices", "Microservices", "{98A21D19-AA47-4AA8-AAC2-A39868BED768}"
EndProject
Project("{2150E333-8FDC-42A3-9474-1A3956D46DE8}") = "Domain", "Domain", "{0CF22C83-DCDD-4C54-B5EE-72DE4AF5BDF0}"
EndProject
Project("{2150E333-8FDC-42A3-9474-1A3956D46DE8}") = "Infra.Bus", "Infra.Bus", "{45B84AC6-6BF8-4D56-A230-3B006252B0AD}"
EndProject
Project("{2150E333-8FDC-42A3-9474-1A3956D46DE8}") = "Infra.IoC", "Infra.IoC", "{9C2DF8A0-798C-4989-8302-A223110B274C}"
EndProject
Project("{2150E333-8FDC-42A3-9474-1A3956D46DE8}") = "Presentation", "Presentation", "{8C2C9A35-33DB-476C-A5FF-E80F4DFE1BE4}"
EndProject
Project("{9A19103F-16F7-4668-BE54-9A1E7A4F7556}") = "MicroRabbit.Domain.Core", "MicroRabbit.Domain.Core\MicroRabbit.Domain.Core.csproj", "{A93F6916-F404-4680-9947-410C593F5D20}"
EndProject
Project("{9A19103F-16F7-4668-BE54-9A1E7A4F7556}") = "MicroRabbit.Infra.Bus", "MicroRabbit.Infra.Bus\MicroRabbit.Infra.Bus.csproj", "{E1B7257D-8A5D-4358-BC7D-B75B11593A1C}"
EndProject
Project("{9A19103F-16F7-4668-BE54-9A1E7A4F7556}") = "MicroRabbit.Infra.IoC", "MicroRabbit.Infra.IoC\MicroRabbit.Infra.IoC.csproj", "{4BC256BB-8BE6-49A2-A33F-138A208E5A14}"
EndProject
Project("{2150E333-8FDC-42A3-9474-1A3956D46DE8}") = "Banking", "Banking", "{5EBE89B8-7428-46D6-835D-FFC22C3744B6}"
EndProject
Project("{2150E333-8FDC-42A3-9474-1A3956D46DE8}") = "Api", "Api", "{7E2FBD43-AB9E-4B87-9384-2B4049A6F00A}"
EndProject
Project("{2150E333-8FDC-42A3-9474-1A3956D46DE8}") = "Domain", "Domain", "{E54D17F6-23B8-4DCB-B804-70781CBB71FB}"
EndProject
Project("{2150E333-8FDC-42A3-9474-1A3956D46DE8}") = "Application", "Application", "{B53EB3BA-3841-4DBD-8284-0FAA4A622818}"
EndProject
Project("{2150E333-8FDC-42A3-9474-1A3956D46DE8}") = "Data", "Data", "{BA0389BA-521F-471A-A581-CBB04618ED5B}"
EndProject
Project("{9A19103F-16F7-4668-BE54-9A1E7A4F7556}") = "MicroRabbit.Banking.Api", "MicroRabbit.Banking.Api\MicroRabbit.Banking.Api.csproj", "{427C9F8E-1C19-4178-943D-0912E95A3C67}"
EndProject
Project("{9A19103F-16F7-4668-BE54-9A1E7A4F7556}") = "MicroRabbit.Banking.Application", "MicroRabbit.Banking.Application\MicroRabbit.Banking.Application.csproj", "{34AF1315-0D8F-42A4-ABC3-84B3818E87FB}"
EndProject
Project("{9A19103F-16F7-4668-BE54-9A1E7A4F7556}") = "MicroRabbit.Banking.Data", "MicroRabbit.Banking.Data\MicroRabbit.Banking.Data.csproj", "{554BA420-A93C-4674-8EB3-B9B95FEAD91D}"
EndProject
Project("{9A19103F-16F7-4668-BE54-9A1E7A4F7556}") = "MicroRabbit.Banking.Domain", "MicroRabbit.Banking.Domain\MicroRabbit.Banking.Domain.csproj", "{53E34591-F52D-4BB2-ABA2-B0CE019942B2}"
EndProject
Project("{2150E333-8FDC-42A3-9474-1A3956D46DE8}") = "Transfer", "Transfer", "{27322EEE-E2AB-45BA-9D6A-CD58C4FCC59B}"
EndProject
Project("{2150E333-8FDC-42A3-9474-1A3956D46DE8}") = "Api", "Api", "{FFAFC13A-3630-4F8F-8F37-038B2169E3C7}"
EndProject
Project("{2150E333-8FDC-42A3-9474-1A3956D46DE8}") = "Application", "Application", "{6D555BA6-100C-4DF8-967E-B0BF84B36372}"
EndProject
Project("{2150E333-8FDC-42A3-9474-1A3956D46DE8}") = "Data", "Data", "{729AB731-5C3D-4E32-8CCE-2FE14E73F86B}"
EndProject
Project("{2150E333-8FDC-42A3-9474-1A3956D46DE8}") = "Domain", "Domain", "{C0E22CD3-41BA-4B6D-BEFF-AB30BCF2E20F}"
EndProject
Project("{9A19103F-16F7-4668-BE54-9A1E7A4F7556}") = "MicroRabbit.Transfer.Api", "MicroRabbit.Transfer.Api\MicroRabbit.Transfer.Api.csproj", "{C14B2E18-AD7A-464A-AE95-2B93D9E9C7AF}"
EndProject
Project("{9A19103F-16F7-4668-BE54-9A1E7A4F7556}") = "MicroRabbit.Transfer.Application", "MicroRabbit.Transfer.Application\MicroRabbit.Transfer.Application.csproj", "{83E9BADD-2F92-4FF7-A3EB-003FA779007A}"
EndProject
Project("{9A19103F-16F7-4668-BE54-9A1E7A4F7556}") = "MicroRabbit.Transfer.Domain", "MicroRabbit.Transfer.Domain\MicroRabbit.Transfer.Domain.csproj", "{06EC0083-6635-46B3-A6E9-D3B79D484C2A}"
EndProject
Project("{9A19103F-16F7-4668-BE54-9A1E7A4F7556}") = "MicroRabbit.Transfer.Data", "MicroRabbit.Transfer.Data\MicroRabbit.Transfer.Data.csproj", "{97D90B20-C24C-402F-A8B4-8F3B3E38BFFE}"
EndProject
Project("{FAE04EC0-301F-11D3-BF4B-00C04F79EFBC}") = "MicroRabbit.MVC", "MicroRabbit.MVC\MicroRabbit.MVC.csproj", "{183025AE-4AD1-4A1B-BEE1-F9231BAAE5BF}"
EndProject
Global
	GlobalSection(SolutionConfigurationPlatforms) = preSolution
		Debug|Any CPU = Debug|Any CPU
		Release|Any CPU = Release|Any CPU
	EndGlobalSection
	GlobalSection(ProjectConfigurationPlatforms) = postSolution
		{A93F6916-F404-4680-9947-410C593F5D20}.Debug|Any CPU.ActiveCfg = Debug|Any CPU
		{A93F6916-F404-4680-9947-410C593F5D20}.Debug|Any CPU.Build.0 = Debug|Any CPU
		{A93F6916-F404-4680-9947-410C593F5D20}.Release|Any CPU.ActiveCfg = Release|Any CPU
		{A93F6916-F404-4680-9947-410C593F5D20}.Release|Any CPU.Build.0 = Release|Any CPU
		{E1B7257D-8A5D-4358-BC7D-B75B11593A1C}.Debug|Any CPU.ActiveCfg = Debug|Any CPU
		{E1B7257D-8A5D-4358-BC7D-B75B11593A1C}.Debug|Any CPU.Build.0 = Debug|Any CPU
		{E1B7257D-8A5D-4358-BC7D-B75B11593A1C}.Release|Any CPU.ActiveCfg = Release|Any CPU
		{E1B7257D-8A5D-4358-BC7D-B75B11593A1C}.Release|Any CPU.Build.0 = Release|Any CPU
		{4BC256BB-8BE6-49A2-A33F-138A208E5A14}.Debug|Any CPU.ActiveCfg = Debug|Any CPU
		{4BC256BB-8BE6-49A2-A33F-138A208E5A14}.Debug|Any CPU.Build.0 = Debug|Any CPU
		{4BC256BB-8BE6-49A2-A33F-138A208E5A14}.Release|Any CPU.ActiveCfg = Release|Any CPU
		{4BC256BB-8BE6-49A2-A33F-138A208E5A14}.Release|Any CPU.Build.0 = Release|Any CPU
		{427C9F8E-1C19-4178-943D-0912E95A3C67}.Debug|Any CPU.ActiveCfg = Debug|Any CPU
		{427C9F8E-1C19-4178-943D-0912E95A3C67}.Debug|Any CPU.Build.0 = Debug|Any CPU
		{427C9F8E-1C19-4178-943D-0912E95A3C67}.Release|Any CPU.ActiveCfg = Release|Any CPU
		{427C9F8E-1C19-4178-943D-0912E95A3C67}.Release|Any CPU.Build.0 = Release|Any CPU
		{34AF1315-0D8F-42A4-ABC3-84B3818E87FB}.Debug|Any CPU.ActiveCfg = Debug|Any CPU
		{34AF1315-0D8F-42A4-ABC3-84B3818E87FB}.Debug|Any CPU.Build.0 = Debug|Any CPU
		{34AF1315-0D8F-42A4-ABC3-84B3818E87FB}.Release|Any CPU.ActiveCfg = Release|Any CPU
		{34AF1315-0D8F-42A4-ABC3-84B3818E87FB}.Release|Any CPU.Build.0 = Release|Any CPU
		{554BA420-A93C-4674-8EB3-B9B95FEAD91D}.Debug|Any CPU.ActiveCfg = Debug|Any CPU
		{554BA420-A93C-4674-8EB3-B9B95FEAD91D}.Debug|Any CPU.Build.0 = Debug|Any CPU
		{554BA420-A93C-4674-8EB3-B9B95FEAD91D}.Release|Any CPU.ActiveCfg = Release|Any CPU
		{554BA420-A93C-4674-8EB3-B9B95FEAD91D}.Release|Any CPU.Build.0 = Release|Any CPU
		{53E34591-F52D-4BB2-ABA2-B0CE019942B2}.Debug|Any CPU.ActiveCfg = Debug|Any CPU
		{53E34591-F52D-4BB2-ABA2-B0CE019942B2}.Debug|Any CPU.Build.0 = Debug|Any CPU
		{53E34591-F52D-4BB2-ABA2-B0CE019942B2}.Release|Any CPU.ActiveCfg = Release|Any CPU
		{53E34591-F52D-4BB2-ABA2-B0CE019942B2}.Release|Any CPU.Build.0 = Release|Any CPU
		{C14B2E18-AD7A-464A-AE95-2B93D9E9C7AF}.Debug|Any CPU.ActiveCfg = Debug|Any CPU
		{C14B2E18-AD7A-464A-AE95-2B93D9E9C7AF}.Debug|Any CPU.Build.0 = Debug|Any CPU
		{C14B2E18-AD7A-464A-AE95-2B93D9E9C7AF}.Release|Any CPU.ActiveCfg = Release|Any CPU
		{C14B2E18-AD7A-464A-AE95-2B93D9E9C7AF}.Release|Any CPU.Build.0 = Release|Any CPU
		{83E9BADD-2F92-4FF7-A3EB-003FA779007A}.Debug|Any CPU.ActiveCfg = Debug|Any CPU
		{83E9BADD-2F92-4FF7-A3EB-003FA779007A}.Debug|Any CPU.Build.0 = Debug|Any CPU
		{83E9BADD-2F92-4FF7-A3EB-003FA779007A}.Release|Any CPU.ActiveCfg = Release|Any CPU
		{83E9BADD-2F92-4FF7-A3EB-003FA779007A}.Release|Any CPU.Build.0 = Release|Any CPU
		{06EC0083-6635-46B3-A6E9-D3B79D484C2A}.Debug|Any CPU.ActiveCfg = Debug|Any CPU
		{06EC0083-6635-46B3-A6E9-D3B79D484C2A}.Debug|Any CPU.Build.0 = Debug|Any CPU
		{06EC0083-6635-46B3-A6E9-D3B79D484C2A}.Release|Any CPU.ActiveCfg = Release|Any CPU
		{06EC0083-6635-46B3-A6E9-D3B79D484C2A}.Release|Any CPU.Build.0 = Release|Any CPU
		{97D90B20-C24C-402F-A8B4-8F3B3E38BFFE}.Debug|Any CPU.ActiveCfg = Debug|Any CPU
		{97D90B20-C24C-402F-A8B4-8F3B3E38BFFE}.Debug|Any CPU.Build.0 = Debug|Any CPU
		{97D90B20-C24C-402F-A8B4-8F3B3E38BFFE}.Release|Any CPU.ActiveCfg = Release|Any CPU
		{97D90B20-C24C-402F-A8B4-8F3B3E38BFFE}.Release|Any CPU.Build.0 = Release|Any CPU
		{183025AE-4AD1-4A1B-BEE1-F9231BAAE5BF}.Debug|Any CPU.ActiveCfg = Debug|Any CPU
		{183025AE-4AD1-4A1B-BEE1-F9231BAAE5BF}.Debug|Any CPU.Build.0 = Debug|Any CPU
		{183025AE-4AD1-4A1B-BEE1-F9231BAAE5BF}.Release|Any CPU.ActiveCfg = Release|Any CPU
		{183025AE-4AD1-4A1B-BEE1-F9231BAAE5BF}.Release|Any CPU.Build.0 = Release|Any CPU
	EndGlobalSection
	GlobalSection(SolutionProperties) = preSolution
		HideSolutionNode = FALSE
	EndGlobalSection
	GlobalSection(NestedProjects) = preSolution
		{A93F6916-F404-4680-9947-410C593F5D20} = {0CF22C83-DCDD-4C54-B5EE-72DE4AF5BDF0}
		{E1B7257D-8A5D-4358-BC7D-B75B11593A1C} = {45B84AC6-6BF8-4D56-A230-3B006252B0AD}
		{4BC256BB-8BE6-49A2-A33F-138A208E5A14} = {9C2DF8A0-798C-4989-8302-A223110B274C}
		{5EBE89B8-7428-46D6-835D-FFC22C3744B6} = {98A21D19-AA47-4AA8-AAC2-A39868BED768}
		{7E2FBD43-AB9E-4B87-9384-2B4049A6F00A} = {5EBE89B8-7428-46D6-835D-FFC22C3744B6}
		{E54D17F6-23B8-4DCB-B804-70781CBB71FB} = {5EBE89B8-7428-46D6-835D-FFC22C3744B6}
		{B53EB3BA-3841-4DBD-8284-0FAA4A622818} = {5EBE89B8-7428-46D6-835D-FFC22C3744B6}
		{BA0389BA-521F-471A-A581-CBB04618ED5B} = {5EBE89B8-7428-46D6-835D-FFC22C3744B6}
		{427C9F8E-1C19-4178-943D-0912E95A3C67} = {7E2FBD43-AB9E-4B87-9384-2B4049A6F00A}
		{34AF1315-0D8F-42A4-ABC3-84B3818E87FB} = {B53EB3BA-3841-4DBD-8284-0FAA4A622818}
		{554BA420-A93C-4674-8EB3-B9B95FEAD91D} = {BA0389BA-521F-471A-A581-CBB04618ED5B}
		{53E34591-F52D-4BB2-ABA2-B0CE019942B2} = {E54D17F6-23B8-4DCB-B804-70781CBB71FB}
		{27322EEE-E2AB-45BA-9D6A-CD58C4FCC59B} = {98A21D19-AA47-4AA8-AAC2-A39868BED768}
		{FFAFC13A-3630-4F8F-8F37-038B2169E3C7} = {27322EEE-E2AB-45BA-9D6A-CD58C4FCC59B}
		{6D555BA6-100C-4DF8-967E-B0BF84B36372} = {27322EEE-E2AB-45BA-9D6A-CD58C4FCC59B}
		{729AB731-5C3D-4E32-8CCE-2FE14E73F86B} = {27322EEE-E2AB-45BA-9D6A-CD58C4FCC59B}
		{C0E22CD3-41BA-4B6D-BEFF-AB30BCF2E20F} = {27322EEE-E2AB-45BA-9D6A-CD58C4FCC59B}
		{C14B2E18-AD7A-464A-AE95-2B93D9E9C7AF} = {FFAFC13A-3630-4F8F-8F37-038B2169E3C7}
		{83E9BADD-2F92-4FF7-A3EB-003FA779007A} = {6D555BA6-100C-4DF8-967E-B0BF84B36372}
		{06EC0083-6635-46B3-A6E9-D3B79D484C2A} = {C0E22CD3-41BA-4B6D-BEFF-AB30BCF2E20F}
		{97D90B20-C24C-402F-A8B4-8F3B3E38BFFE} = {729AB731-5C3D-4E32-8CCE-2FE14E73F86B}
		{183025AE-4AD1-4A1B-BEE1-F9231BAAE5BF} = {8C2C9A35-33DB-476C-A5FF-E80F4DFE1BE4}
	EndGlobalSection
	GlobalSection(ExtensibilityGlobals) = postSolution
		SolutionGuid = {51E96D8E-3C82-4B3F-A3CA-1D867E49666D}
	EndGlobalSection
EndGlobal
