
Microsoft Visual Studio Solution File, Format Version 12.00
# Visual Studio Version 16
VisualStudioVersion = 16.0.29509.3
MinimumVisualStudioVersion = 10.0.40219.1
Project("{2150E333-8FDC-42A3-9474-1A3956D46DE8}") = "Microservices", "Microservices", "{98A21D19-AA47-4AA8-AAC2-A39868BED768}"
EndProject
Project("{2150E333-8FDC-42A3-9474-1A3956D46DE8}") = "Domain", "Domain", "{0CF22C83-DCDD-4C54-B5EE-72DE4AF5BDF0}"
EndProject
Project("{2150E333-8FDC-42A3-9474-1A3956D46DE8}") = "Infra.Bus", "Infra.Bus", "{45B84AC6-6BF8-4D56-A230-3B006252B0AD}"
EndProject
Project("{2150E333-8FDC-42A3-9474-1A3956D46DE8}") = "Infra.IoC", "Infra.IoC", "{9C2DF8A0-798C-4989-8302-A223110B274C}"
EndProject
Project("{2150E333-8FDC-42A3-9474-1A3956D46DE8}") = "Presentation", "Presentation", "{8C2C9A35-33DB-476C-A5FF-E80F4DFE1BE4}"
EndProject
Project("{9A19103F-16F7-4668-BE54-9A1E7A4F7556}") = "MicroRabbit.Domain.Core", "MicroRabbit.Domain.Core\MicroRabbit.Domain.Core.csproj", "{A93F6916-F404-4680-9947-410C593F5D20}"
EndProject
Project("{9A19103F-16F7-4668-BE54-9A1E7A4F7556}") = "MicroRabbit.Infra.Bus", "MicroRabbit.Infra.Bus\MicroRabbit.Infra.Bus.csproj", "{E1B7257D-8A5D-4358-BC7D-B75B11593A1C}"
EndProject
Project("{9A19103F-16F7-4668-BE54-9A1E7A4F7556}") = "MicroRabbit.Infra.IoC", "MicroRabbit.Infra.IoC\MicroRabbit.Infra.IoC.csproj", "{4BC256BB-8BE6-49A2-A33F-138A208E5A14}"
EndProject
Project("{2150E333-8FDC-42A3-9474-1A3956D46DE8}") = "Banking", "Banking", "{5EBE89B8-7428-46D6-835D-FFC22C3744B6}"
EndProject
Project("{2150E333-8FDC-42A3-9474-1A3956D46DE8}") = "Api", "Api", "{7E2FBD43-AB9E-4B87-9384-2B4049A6F00A}"
EndProject
Project("{2150E333-8FDC-42A3-9474-1A3956D46DE8}") = "Domain", "Domain", "{E54D17F6-23B8-4DCB-B804-70781CBB71FB}"
EndProject
Project("{2150E333-8FDC-42A3-9474-1A3956D46DE8}") = "Application", "Application", "{B53EB3BA-3841-4DBD-8284-0FAA4A622818}"
EndProject
Project("{2150E333-8FDC-42A3-9474-1A3956D46DE8}") = "Data", "Data", "{BA0389BA-521F-471A-A581-CBB04618ED5B}"
EndProject
Project("{FAE04EC0-301F-11D3-BF4B-00C04F79EFBC}") = "MicroRabbit.Banking.Api", "MicroRabbit.Banking.Api\MicroRabbit.Banking.Api.csproj", "{427C9F8E-1C19-4178-943D-0912E95A3C67}"
EndProject
Project("{FAE04EC0-301F-11D3-BF4B-00C04F79EFBC}") = "MicroRabbit.Banking.Application", "MicroRabbit.Banking.Application\MicroRabbit.Banking.Application.csproj", "{34AF1315-0D8F-42A4-ABC3-84B3818E87FB}"
EndProject
Project("{FAE04EC0-301F-11D3-BF4B-00C04F79EFBC}") = "MicroRabbit.Banking.Data", "MicroRabbit.Banking.Data\MicroRabbit.Banking.Data.csproj", "{554BA420-A93C-4674-8EB3-B9B95FEAD91D}"
EndProject
Project("{FAE04EC0-301F-11D3-BF4B-00C04F79EFBC}") = "MicroRabbit.Banking.Domain", "MicroRabbit.Banking.Domain\MicroRabbit.Banking.Domain.csproj", "{53E34591-F52D-4BB2-ABA2-B0CE019942B2}"
EndProject
Global
	GlobalSection(SolutionConfigurationPlatforms) = preSolution
		Debug|Any CPU = Debug|Any CPU
		Release|Any CPU = Release|Any CPU
	EndGlobalSection
	GlobalSection(ProjectConfigurationPlatforms) = postSolution
		{A93F6916-F404-4680-9947-410C593F5D20}.Debug|Any CPU.ActiveCfg = Debug|Any CPU
		{A93F6916-F404-4680-9947-410C593F5D20}.Debug|Any CPU.Build.0 = Debug|Any CPU
		{A93F6916-F404-4680-9947-410C593F5D20}.Release|Any CPU.ActiveCfg = Release|Any CPU
		{A93F6916-F404-4680-9947-410C593F5D20}.Release|Any CPU.Build.0 = Release|Any CPU
		{E1B7257D-8A5D-4358-BC7D-B75B11593A1C}.Debug|Any CPU.ActiveCfg = Debug|Any CPU
		{E1B7257D-8A5D-4358-BC7D-B75B11593A1C}.Debug|Any CPU.Build.0 = Debug|Any CPU
		{E1B7257D-8A5D-4358-BC7D-B75B11593A1C}.Release|Any CPU.ActiveCfg = Release|Any CPU
		{E1B7257D-8A5D-4358-BC7D-B75B11593A1C}.Release|Any CPU.Build.0 = Release|Any CPU
		{4BC256BB-8BE6-49A2-A33F-138A208E5A14}.Debug|Any CPU.ActiveCfg = Debug|Any CPU
		{4BC256BB-8BE6-49A2-A33F-138A208E5A14}.Debug|Any CPU.Build.0 = Debug|Any CPU
		{4BC256BB-8BE6-49A2-A33F-138A208E5A14}.Release|Any CPU.ActiveCfg = Release|Any CPU
		{4BC256BB-8BE6-49A2-A33F-138A208E5A14}.Release|Any CPU.Build.0 = Release|Any CPU
		{427C9F8E-1C19-4178-943D-0912E95A3C67}.Debug|Any CPU.ActiveCfg = Debug|Any CPU
		{427C9F8E-1C19-4178-943D-0912E95A3C67}.Debug|Any CPU.Build.0 = Debug|Any CPU
		{427C9F8E-1C19-4178-943D-0912E95A3C67}.Release|Any CPU.ActiveCfg = Release|Any CPU
		{427C9F8E-1C19-4178-943D-0912E95A3C67}.Release|Any CPU.Build.0 = Release|Any CPU
		{34AF1315-0D8F-42A4-ABC3-84B3818E87FB}.Debug|Any CPU.ActiveCfg = Debug|Any CPU
		{34AF1315-0D8F-42A4-ABC3-84B3818E87FB}.Debug|Any CPU.Build.0 = Debug|Any CPU
		{34AF1315-0D8F-42A4-ABC3-84B3818E87FB}.Release|Any CPU.ActiveCfg = Release|Any CPU
		{34AF1315-0D8F-42A4-ABC3-84B3818E87FB}.Release|Any CPU.Build.0 = Release|Any CPU
		{554BA420-A93C-4674-8EB3-B9B95FEAD91D}.Debug|Any CPU.ActiveCfg = Debug|Any CPU
		{554BA420-A93C-4674-8EB3-B9B95FEAD91D}.Debug|Any CPU.Build.0 = Debug|Any CPU
		{554BA420-A93C-4674-8EB3-B9B95FEAD91D}.Release|Any CPU.ActiveCfg = Release|Any CPU
		{554BA420-A93C-4674-8EB3-B9B95FEAD91D}.Release|Any CPU.Build.0 = Release|Any CPU
		{53E34591-F52D-4BB2-ABA2-B0CE019942B2}.Debug|Any CPU.ActiveCfg = Debug|Any CPU
		{53E34591-F52D-4BB2-ABA2-B0CE019942B2}.Debug|Any CPU.Build.0 = Debug|Any CPU
		{53E34591-F52D-4BB2-ABA2-B0CE019942B2}.Release|Any CPU.ActiveCfg = Release|Any CPU
		{53E34591-F52D-4BB2-ABA2-B0CE019942B2}.Release|Any CPU.Build.0 = Release|Any CPU
	EndGlobalSection
	GlobalSection(SolutionProperties) = preSolution
		HideSolutionNode = FALSE
	EndGlobalSection
	GlobalSection(NestedProjects) = preSolution
		{A93F6916-F404-4680-9947-410C593F5D20} = {0CF22C83-DCDD-4C54-B5EE-72DE4AF5BDF0}
		{E1B7257D-8A5D-4358-BC7D-B75B11593A1C} = {45B84AC6-6BF8-4D56-A230-3B006252B0AD}
		{4BC256BB-8BE6-49A2-A33F-138A208E5A14} = {9C2DF8A0-798C-4989-8302-A223110B274C}
		{5EBE89B8-7428-46D6-835D-FFC22C3744B6} = {98A21D19-AA47-4AA8-AAC2-A39868BED768}
		{7E2FBD43-AB9E-4B87-9384-2B4049A6F00A} = {5EBE89B8-7428-46D6-835D-FFC22C3744B6}
		{E54D17F6-23B8-4DCB-B804-70781CBB71FB} = {5EBE89B8-7428-46D6-835D-FFC22C3744B6}
		{B53EB3BA-3841-4DBD-8284-0FAA4A622818} = {5EBE89B8-7428-46D6-835D-FFC22C3744B6}
		{BA0389BA-521F-471A-A581-CBB04618ED5B} = {5EBE89B8-7428-46D6-835D-FFC22C3744B6}
		{427C9F8E-1C19-4178-943D-0912E95A3C67} = {7E2FBD43-AB9E-4B87-9384-2B4049A6F00A}
		{34AF1315-0D8F-42A4-ABC3-84B3818E87FB} = {B53EB3BA-3841-4DBD-8284-0FAA4A622818}
		{554BA420-A93C-4674-8EB3-B9B95FEAD91D} = {BA0389BA-521F-471A-A581-CBB04618ED5B}
		{53E34591-F52D-4BB2-ABA2-B0CE019942B2} = {E54D17F6-23B8-4DCB-B804-70781CBB71FB}
	EndGlobalSection
	GlobalSection(ExtensibilityGlobals) = postSolution
		SolutionGuid = {51E96D8E-3C82-4B3F-A3CA-1D867E49666D}
	EndGlobalSection
EndGlobal
